
Microsoft Visual Studio Solution File, Format Version 12.00
# Visual Studio Version 17
VisualStudioVersion = 17.11.35303.130
MinimumVisualStudioVersion = 10.0.40219.1
Project("{FAE04EC0-301F-11D3-BF4B-00C04F79EFBC}") = "TimeTracker", "TimeTracker.csproj", "{F66E9F2C-C844-4E7A-BF0B-C70063126C98}"
EndProject
Global
	GlobalSection(SolutionConfigurationPlatforms) = preSolution
		Debug|Any CPU = Debug|Any CPU
		Release|Any CPU = Release|Any CPU
	EndGlobalSection
	GlobalSection(ProjectConfigurationPlatforms) = postSolution
		{F66E9F2C-C844-4E7A-BF0B-C70063126C98}.Debug|Any CPU.ActiveCfg = Debug|Any CPU
		{F66E9F2C-C844-4E7A-BF0B-C70063126C98}.Debug|Any CPU.Build.0 = Debug|Any CPU
		{F66E9F2C-C844-4E7A-BF0B-C70063126C98}.Debug|Any CPU.Deploy.0 = Debug|Any CPU
		{F66E9F2C-C844-4E7A-BF0B-C70063126C98}.Release|Any CPU.ActiveCfg = Release|Any CPU
		{F66E9F2C-C844-4E7A-BF0B-C70063126C98}.Release|Any CPU.Build.0 = Release|Any CPU
		{F66E9F2C-C844-4E7A-BF0B-C70063126C98}.Release|Any CPU.Deploy.0 = Release|Any CPU
	EndGlobalSection
	GlobalSection(SolutionProperties) = preSolution
		HideSolutionNode = FALSE
	EndGlobalSection
	GlobalSection(ExtensibilityGlobals) = postSolution
		SolutionGuid = {52C26329-DA42-4E05-9130-8AB0CE13ED84}
	EndGlobalSection
EndGlobal
